
Microsoft Visual Studio Solution File, Format Version 12.00
# Visual Studio Version 17
VisualStudioVersion = 17.3.32922.545
MinimumVisualStudioVersion = 10.0.40219.1
Project("{FAE04EC0-301F-11D3-BF4B-00C04F79EFBC}") = "зав4варіант18", "зав4варіант18\зав4варіант18.csproj", "{C924009A-73C2-4F03-8A4A-788B24A792C8}"
EndProject
Global
	GlobalSection(SolutionConfigurationPlatforms) = preSolution
		Debug|Any CPU = Debug|Any CPU
		Release|Any CPU = Release|Any CPU
	EndGlobalSection
	GlobalSection(ProjectConfigurationPlatforms) = postSolution
		{C924009A-73C2-4F03-8A4A-788B24A792C8}.Debug|Any CPU.ActiveCfg = Debug|Any CPU
		{C924009A-73C2-4F03-8A4A-788B24A792C8}.Debug|Any CPU.Build.0 = Debug|Any CPU
		{C924009A-73C2-4F03-8A4A-788B24A792C8}.Release|Any CPU.ActiveCfg = Release|Any CPU
		{C924009A-73C2-4F03-8A4A-788B24A792C8}.Release|Any CPU.Build.0 = Release|Any CPU
	EndGlobalSection
	GlobalSection(SolutionProperties) = preSolution
		HideSolutionNode = FALSE
	EndGlobalSection
	GlobalSection(ExtensibilityGlobals) = postSolution
		SolutionGuid = {A6B7D5D8-20F7-497D-BA94-FA9DDD13C6C7}
	EndGlobalSection
EndGlobal
